<Solution>
  <Project Path="gateway/RealEstateEval.Gateway/RealEstateEval.Gateway.csproj" />
  <Project Path="services/identity/RealEstateEval.Identity.Api/RealEstateEval.Identity.Api.csproj" />
  <Project Path="services/case-study/RealEstateEval.CaseStudy.Api/RealEstateEval.CaseStudy.Api.csproj" />
  <Project Path="services/operations/RealEstateEval.Operations.Api/RealEstateEval.Operations.Api.csproj" />
  <Project Path="services/reporting/RealEstateEval.Reporting.Api/RealEstateEval.Reporting.Api.csproj" />
  <Project Path="services/financial/RealEstateEval.Financial.Api/RealEstateEval.Financial.Api.csproj" />
  <Project Path="services/valuation/RealEstateEval.Valuation.Api/RealEstateEval.Valuation.Api.csproj" />
  <Project Path="services/failures/RealEstateEval.Failures.Api/RealEstateEval.Failures.Api.csproj" />
  <Project Path="services/platform/RealEstateEval.Platform.Api/RealEstateEval.Platform.Api.csproj" />
  <Project Path="services/attachments/RealEstateEval.Attachments.Api/RealEstateEval.Attachments.Api.csproj" />
  <Project Path="shared/RealEstateEval.Shared.Contracts/RealEstateEval.Shared.Contracts.csproj" />
  <Project Path="shared/RealEstateEval.Shared.Web/RealEstateEval.Shared.Web.csproj" />
  <Project Path="RealEstateEval.Application.Tests/RealEstateEval.Application.Tests.csproj" />
  <Project Path="RealEstateEval.Architecture.Tests/RealEstateEval.Architecture.Tests.csproj" />
  <Project Path="RealEstateEval.Api.IntegrationTests/RealEstateEval.Api.IntegrationTests.csproj" />
  <Project Path="RealEstateEval.Api.ContainerTests/RealEstateEval.Api.ContainerTests.csproj" />
  <Project Path="RealEstateEval.Application/RealEstateEval.Application.csproj" />
  <Project Path="RealEstateEval.Domain/RealEstateEval.Domain.csproj" />
  <Project Path="RealEstateEval.Infrastructure/RealEstateEval.Infrastructure.csproj" />
  <Project Path="contexts/attachments/RealEstateEval.Attachments.Domain/RealEstateEval.Attachments.Domain.csproj" />
  <Project Path="contexts/attachments/RealEstateEval.Attachments.Application/RealEstateEval.Attachments.Application.csproj" />
  <Project Path="contexts/attachments/RealEstateEval.Attachments.Infrastructure/RealEstateEval.Attachments.Infrastructure.csproj" />
  <Project Path="contexts/failures/RealEstateEval.Failures.Domain/RealEstateEval.Failures.Domain.csproj" />
  <Project Path="contexts/failures/RealEstateEval.Failures.Application/RealEstateEval.Failures.Application.csproj" />
  <Project Path="contexts/failures/RealEstateEval.Failures.Infrastructure/RealEstateEval.Failures.Infrastructure.csproj" />
  <Project Path="contexts/financial/RealEstateEval.Financial.Domain/RealEstateEval.Financial.Domain.csproj" />
  <Project Path="contexts/financial/RealEstateEval.Financial.Application/RealEstateEval.Financial.Application.csproj" />
  <Project Path="contexts/financial/RealEstateEval.Financial.Infrastructure/RealEstateEval.Financial.Infrastructure.csproj" />
  <Project Path="contexts/operations/RealEstateEval.Operations.Domain/RealEstateEval.Operations.Domain.csproj" />
  <Project Path="contexts/operations/RealEstateEval.Operations.Application/RealEstateEval.Operations.Application.csproj" />
  <Project Path="contexts/operations/RealEstateEval.Operations.Infrastructure/RealEstateEval.Operations.Infrastructure.csproj" />
  <Project Path="contexts/platform/RealEstateEval.Platform.Domain/RealEstateEval.Platform.Domain.csproj" />
  <Project Path="contexts/platform/RealEstateEval.Platform.Application/RealEstateEval.Platform.Application.csproj" />
  <Project Path="contexts/platform/RealEstateEval.Platform.Infrastructure/RealEstateEval.Platform.Infrastructure.csproj" />
  <Project Path="contexts/valuation/RealEstateEval.Valuation.Domain/RealEstateEval.Valuation.Domain.csproj" />
  <Project Path="contexts/valuation/RealEstateEval.Valuation.Application/RealEstateEval.Valuation.Application.csproj" />
  <Project Path="contexts/valuation/RealEstateEval.Valuation.Infrastructure/RealEstateEval.Valuation.Infrastructure.csproj" />
  <Project Path="scripts/reseed-ahmed-tool/ReseedAhmed.csproj" />
  <Project Path="tools/DbMigrate/DbMigrate.csproj" />
</Solution>
